// !$*UTF8*$!
{
	archiveVersion = 1;
	classes = {
	};
	objectVersion = 46;
	objects = {

/* Begin PBXBuildFile section */
		842494FB1F1BBFE90083A072 /* SignatureGetFeeOperation.swift in Sources */ = {isa = PBXBuildFile; fileRef = 842494FA1F1BBFE90083A072 /* SignatureGetFeeOperation.swift */; };
		842494FD1F1BBFF90083A072 /* SignatureAddSecondSignatureOperation.swift in Sources */ = {isa = PBXBuildFile; fileRef = 842494FC1F1BBFF90083A072 /* SignatureAddSecondSignatureOperation.swift */; };
		8451C97E1F12BD08004C8D16 /* AccountAPI.swift in Sources */ = {isa = PBXBuildFile; fileRef = 8451C95B1F12BD08004C8D16 /* AccountAPI.swift */; };
		8451C9841F12BD08004C8D16 /* Api.swift in Sources */ = {isa = PBXBuildFile; fileRef = 8451C9621F12BD08004C8D16 /* Api.swift */; };
		8451C9851F12BD08004C8D16 /* AppsAPI.swift in Sources */ = {isa = PBXBuildFile; fileRef = 8451C9641F12BD08004C8D16 /* AppsAPI.swift */; };
		8451C9861F12BD08004C8D16 /* BlockAPI.swift in Sources */ = {isa = PBXBuildFile; fileRef = 8451C9661F12BD08004C8D16 /* BlockAPI.swift */; };
		8451C98A1F12BD08004C8D16 /* DelegateAPI.swift in Sources */ = {isa = PBXBuildFile; fileRef = 8451C96C1F12BD08004C8D16 /* DelegateAPI.swift */; };
		8451C98C1F12BD08004C8D16 /* LoaderAPI.swift in Sources */ = {isa = PBXBuildFile; fileRef = 8451C9701F12BD08004C8D16 /* LoaderAPI.swift */; };
		8451C98D1F12BD08004C8D16 /* MultisignatureAPI.swift in Sources */ = {isa = PBXBuildFile; fileRef = 8451C9721F12BD08004C8D16 /* MultisignatureAPI.swift */; };
		8451C98F1F12BD08004C8D16 /* PeerAPI.swift in Sources */ = {isa = PBXBuildFile; fileRef = 8451C9751F12BD08004C8D16 /* PeerAPI.swift */; };
		8451C9901F12BD08004C8D16 /* SignatureAPI.swift in Sources */ = {isa = PBXBuildFile; fileRef = 8451C9771F12BD08004C8D16 /* SignatureAPI.swift */; };
		8451C9941F12BD08004C8D16 /* TransactionAPI.swift in Sources */ = {isa = PBXBuildFile; fileRef = 8451C97D1F12BD08004C8D16 /* TransactionAPI.swift */; };
		845FA8BE1F182B7600CDCEE0 /* AccountGeneratePublicKeyOperation.swift in Sources */ = {isa = PBXBuildFile; fileRef = 845FA8B91F182B7600CDCEE0 /* AccountGeneratePublicKeyOperation.swift */; };
		845FA8BF1F182B7600CDCEE0 /* AccountGetBalanceOperation.swift in Sources */ = {isa = PBXBuildFile; fileRef = 845FA8BA1F182B7600CDCEE0 /* AccountGetBalanceOperation.swift */; };
		845FA8C01F182B7600CDCEE0 /* AccountGetOperation.swift in Sources */ = {isa = PBXBuildFile; fileRef = 845FA8BB1F182B7600CDCEE0 /* AccountGetOperation.swift */; };
		845FA8C11F182B7600CDCEE0 /* AccountGetPublicKeyOperation.swift in Sources */ = {isa = PBXBuildFile; fileRef = 845FA8BC1F182B7600CDCEE0 /* AccountGetPublicKeyOperation.swift */; };
		845FA8C21F182B7600CDCEE0 /* AccountOpenOperation.swift in Sources */ = {isa = PBXBuildFile; fileRef = 845FA8BD1F182B7600CDCEE0 /* AccountOpenOperation.swift */; };
		845FA8C41F182B8700CDCEE0 /* CallbackOperation.swift in Sources */ = {isa = PBXBuildFile; fileRef = 845FA8C31F182B8700CDCEE0 /* CallbackOperation.swift */; };
		845FA8C61F18301400CDCEE0 /* AccountGetDelegatesOperation.swift in Sources */ = {isa = PBXBuildFile; fileRef = 845FA8C51F18301400CDCEE0 /* AccountGetDelegatesOperation.swift */; };
		845FA8C81F1830C000CDCEE0 /* AccountPutDelegatesOperation.swift in Sources */ = {isa = PBXBuildFile; fileRef = 845FA8C71F1830C000CDCEE0 /* AccountPutDelegatesOperation.swift */; };
		8481E3F21F3DA66700CAB4C0 /* MultisignatureCreateOperation.swift in Sources */ = {isa = PBXBuildFile; fileRef = 8481E3F11F3DA66700CAB4C0 /* MultisignatureCreateOperation.swift */; };
		8481E3F41F3DA7EC00CAB4C0 /* MultisignatureGetAccountsOperation.swift in Sources */ = {isa = PBXBuildFile; fileRef = 8481E3F31F3DA7EC00CAB4C0 /* MultisignatureGetAccountsOperation.swift */; };
		8481E3F61F3DA88100CAB4C0 /* MultisignatureSignOperation.swift in Sources */ = {isa = PBXBuildFile; fileRef = 8481E3F51F3DA88100CAB4C0 /* MultisignatureSignOperation.swift */; };
		8481E3F81F3DA92C00CAB4C0 /* MultisignatureGetPendingTransactionsOperation.swift in Sources */ = {isa = PBXBuildFile; fileRef = 8481E3F71F3DA92C00CAB4C0 /* MultisignatureGetPendingTransactionsOperation.swift */; };
		8488B1C21F3D0E3F00B8D073 /* PeerGetPeersListOperation.swift in Sources */ = {isa = PBXBuildFile; fileRef = 8488B1C11F3D0E3F00B8D073 /* PeerGetPeersListOperation.swift */; };
		8488B1C41F3D0EF500B8D073 /* PeerGetPeerOperation.swift in Sources */ = {isa = PBXBuildFile; fileRef = 8488B1C31F3D0EF500B8D073 /* PeerGetPeerOperation.swift */; };
		8488B1C61F3D0F7B00B8D073 /* PeerGetPeerVersion.swift in Sources */ = {isa = PBXBuildFile; fileRef = 8488B1C51F3D0F7B00B8D073 /* PeerGetPeerVersion.swift */; };
		8488B1C81F3D103800B8D073 /* PeerGetPeersCount.swift in Sources */ = {isa = PBXBuildFile; fileRef = 8488B1C71F3D103800B8D073 /* PeerGetPeersCount.swift */; };
		84BE2C571F12BCD100D9FF8B /* Lisk.h in Headers */ = {isa = PBXBuildFile; fileRef = 84BE2C551F12BCD100D9FF8B /* Lisk.h */; settings = {ATTRIBUTES = (Public, ); }; };
		9DCB4B551081067F937BE7CF /* Pods_Lisk.framework in Frameworks */ = {isa = PBXBuildFile; fileRef = 5858E6BC760048611DFD109F /* Pods_Lisk.framework */; };
/* End PBXBuildFile section */

/* Begin PBXFileReference section */
		1B3AA0FA7836E97EC87486F4 /* Pods-Lisk.debug.xcconfig */ = {isa = PBXFileReference; includeInIndex = 1; lastKnownFileType = text.xcconfig; name = "Pods-Lisk.debug.xcconfig"; path = "Pods/Target Support Files/Pods-Lisk/Pods-Lisk.debug.xcconfig"; sourceTree = "<group>"; };
		5858E6BC760048611DFD109F /* Pods_Lisk.framework */ = {isa = PBXFileReference; explicitFileType = wrapper.framework; includeInIndex = 0; path = Pods_Lisk.framework; sourceTree = BUILT_PRODUCTS_DIR; };
		842494FA1F1BBFE90083A072 /* SignatureGetFeeOperation.swift */ = {isa = PBXFileReference; fileEncoding = 4; lastKnownFileType = sourcecode.swift; path = SignatureGetFeeOperation.swift; sourceTree = "<group>"; };
		842494FC1F1BBFF90083A072 /* SignatureAddSecondSignatureOperation.swift */ = {isa = PBXFileReference; fileEncoding = 4; lastKnownFileType = sourcecode.swift; path = SignatureAddSecondSignatureOperation.swift; sourceTree = "<group>"; };
		8451C95B1F12BD08004C8D16 /* AccountAPI.swift */ = {isa = PBXFileReference; fileEncoding = 4; lastKnownFileType = sourcecode.swift; path = AccountAPI.swift; sourceTree = "<group>"; };
		8451C9621F12BD08004C8D16 /* Api.swift */ = {isa = PBXFileReference; fileEncoding = 4; lastKnownFileType = sourcecode.swift; path = Api.swift; sourceTree = "<group>"; };
		8451C9641F12BD08004C8D16 /* AppsAPI.swift */ = {isa = PBXFileReference; fileEncoding = 4; lastKnownFileType = sourcecode.swift; path = AppsAPI.swift; sourceTree = "<group>"; };
		8451C9661F12BD08004C8D16 /* BlockAPI.swift */ = {isa = PBXFileReference; fileEncoding = 4; lastKnownFileType = sourcecode.swift; path = BlockAPI.swift; sourceTree = "<group>"; };
		8451C96C1F12BD08004C8D16 /* DelegateAPI.swift */ = {isa = PBXFileReference; fileEncoding = 4; lastKnownFileType = sourcecode.swift; path = DelegateAPI.swift; sourceTree = "<group>"; };
		8451C9701F12BD08004C8D16 /* LoaderAPI.swift */ = {isa = PBXFileReference; fileEncoding = 4; lastKnownFileType = sourcecode.swift; path = LoaderAPI.swift; sourceTree = "<group>"; };
		8451C9721F12BD08004C8D16 /* MultisignatureAPI.swift */ = {isa = PBXFileReference; fileEncoding = 4; lastKnownFileType = sourcecode.swift; path = MultisignatureAPI.swift; sourceTree = "<group>"; };
		8451C9751F12BD08004C8D16 /* PeerAPI.swift */ = {isa = PBXFileReference; fileEncoding = 4; lastKnownFileType = sourcecode.swift; path = PeerAPI.swift; sourceTree = "<group>"; };
		8451C9771F12BD08004C8D16 /* SignatureAPI.swift */ = {isa = PBXFileReference; fileEncoding = 4; lastKnownFileType = sourcecode.swift; path = SignatureAPI.swift; sourceTree = "<group>"; };
		8451C97D1F12BD08004C8D16 /* TransactionAPI.swift */ = {isa = PBXFileReference; fileEncoding = 4; lastKnownFileType = sourcecode.swift; path = TransactionAPI.swift; sourceTree = "<group>"; };
		845FA8B91F182B7600CDCEE0 /* AccountGeneratePublicKeyOperation.swift */ = {isa = PBXFileReference; fileEncoding = 4; lastKnownFileType = sourcecode.swift; path = AccountGeneratePublicKeyOperation.swift; sourceTree = "<group>"; };
		845FA8BA1F182B7600CDCEE0 /* AccountGetBalanceOperation.swift */ = {isa = PBXFileReference; fileEncoding = 4; lastKnownFileType = sourcecode.swift; path = AccountGetBalanceOperation.swift; sourceTree = "<group>"; };
		845FA8BB1F182B7600CDCEE0 /* AccountGetOperation.swift */ = {isa = PBXFileReference; fileEncoding = 4; lastKnownFileType = sourcecode.swift; path = AccountGetOperation.swift; sourceTree = "<group>"; };
		845FA8BC1F182B7600CDCEE0 /* AccountGetPublicKeyOperation.swift */ = {isa = PBXFileReference; fileEncoding = 4; lastKnownFileType = sourcecode.swift; path = AccountGetPublicKeyOperation.swift; sourceTree = "<group>"; };
		845FA8BD1F182B7600CDCEE0 /* AccountOpenOperation.swift */ = {isa = PBXFileReference; fileEncoding = 4; lastKnownFileType = sourcecode.swift; path = AccountOpenOperation.swift; sourceTree = "<group>"; };
		845FA8C31F182B8700CDCEE0 /* CallbackOperation.swift */ = {isa = PBXFileReference; fileEncoding = 4; lastKnownFileType = sourcecode.swift; path = CallbackOperation.swift; sourceTree = "<group>"; };
		845FA8C51F18301400CDCEE0 /* AccountGetDelegatesOperation.swift */ = {isa = PBXFileReference; fileEncoding = 4; lastKnownFileType = sourcecode.swift; path = AccountGetDelegatesOperation.swift; sourceTree = "<group>"; };
		845FA8C71F1830C000CDCEE0 /* AccountPutDelegatesOperation.swift */ = {isa = PBXFileReference; fileEncoding = 4; lastKnownFileType = sourcecode.swift; path = AccountPutDelegatesOperation.swift; sourceTree = "<group>"; };
		8481E3F11F3DA66700CAB4C0 /* MultisignatureCreateOperation.swift */ = {isa = PBXFileReference; fileEncoding = 4; lastKnownFileType = sourcecode.swift; path = MultisignatureCreateOperation.swift; sourceTree = "<group>"; };
		8481E3F31F3DA7EC00CAB4C0 /* MultisignatureGetAccountsOperation.swift */ = {isa = PBXFileReference; fileEncoding = 4; lastKnownFileType = sourcecode.swift; path = MultisignatureGetAccountsOperation.swift; sourceTree = "<group>"; };
		8481E3F51F3DA88100CAB4C0 /* MultisignatureSignOperation.swift */ = {isa = PBXFileReference; fileEncoding = 4; lastKnownFileType = sourcecode.swift; path = MultisignatureSignOperation.swift; sourceTree = "<group>"; };
		8481E3F71F3DA92C00CAB4C0 /* MultisignatureGetPendingTransactionsOperation.swift */ = {isa = PBXFileReference; fileEncoding = 4; lastKnownFileType = sourcecode.swift; path = MultisignatureGetPendingTransactionsOperation.swift; sourceTree = "<group>"; };
		8488B1C11F3D0E3F00B8D073 /* PeerGetPeersListOperation.swift */ = {isa = PBXFileReference; fileEncoding = 4; lastKnownFileType = sourcecode.swift; path = PeerGetPeersListOperation.swift; sourceTree = "<group>"; };
		8488B1C31F3D0EF500B8D073 /* PeerGetPeerOperation.swift */ = {isa = PBXFileReference; fileEncoding = 4; lastKnownFileType = sourcecode.swift; path = PeerGetPeerOperation.swift; sourceTree = "<group>"; };
		8488B1C51F3D0F7B00B8D073 /* PeerGetPeerVersion.swift */ = {isa = PBXFileReference; fileEncoding = 4; lastKnownFileType = sourcecode.swift; path = PeerGetPeerVersion.swift; sourceTree = "<group>"; };
		8488B1C71F3D103800B8D073 /* PeerGetPeersCount.swift */ = {isa = PBXFileReference; fileEncoding = 4; lastKnownFileType = sourcecode.swift; path = PeerGetPeersCount.swift; sourceTree = "<group>"; };
		84BE2C521F12BCD100D9FF8B /* Lisk.framework */ = {isa = PBXFileReference; explicitFileType = wrapper.framework; includeInIndex = 0; path = Lisk.framework; sourceTree = BUILT_PRODUCTS_DIR; };
		84BE2C551F12BCD100D9FF8B /* Lisk.h */ = {isa = PBXFileReference; lastKnownFileType = sourcecode.c.h; path = Lisk.h; sourceTree = "<group>"; };
		84BE2C561F12BCD100D9FF8B /* Info.plist */ = {isa = PBXFileReference; lastKnownFileType = text.plist.xml; path = Info.plist; sourceTree = "<group>"; };
		B10FA47C8A1FD7B7FCEC12F7 /* Pods-Lisk.release.xcconfig */ = {isa = PBXFileReference; includeInIndex = 1; lastKnownFileType = text.xcconfig; name = "Pods-Lisk.release.xcconfig"; path = "Pods/Target Support Files/Pods-Lisk/Pods-Lisk.release.xcconfig"; sourceTree = "<group>"; };
/* End PBXFileReference section */

/* Begin PBXFrameworksBuildPhase section */
		84BE2C4E1F12BCD100D9FF8B /* Frameworks */ = {
			isa = PBXFrameworksBuildPhase;
			buildActionMask = 2147483647;
			files = (
				9DCB4B551081067F937BE7CF /* Pods_Lisk.framework in Frameworks */,
			);
			runOnlyForDeploymentPostprocessing = 0;
		};
/* End PBXFrameworksBuildPhase section */

/* Begin PBXGroup section */
		7CA633EF2FE69F954F6DCA7F /* Frameworks */ = {
			isa = PBXGroup;
			children = (
				5858E6BC760048611DFD109F /* Pods_Lisk.framework */,
			);
			name = Frameworks;
			sourceTree = "<group>";
		};
		842494F91F1BBFE90083A072 /* Operations */ = {
			isa = PBXGroup;
			children = (
				842494FA1F1BBFE90083A072 /* SignatureGetFeeOperation.swift */,
				842494FC1F1BBFF90083A072 /* SignatureAddSecondSignatureOperation.swift */,
			);
			path = Operations;
			sourceTree = "<group>";
		};
		8451C95A1F12BD08004C8D16 /* Account */ = {
			isa = PBXGroup;
			children = (
				8451C95B1F12BD08004C8D16 /* AccountAPI.swift */,
				845FA8B81F182B7600CDCEE0 /* Operations */,
			);
			path = Account;
			sourceTree = "<group>";
		};
		8451C9631F12BD08004C8D16 /* Apps */ = {
			isa = PBXGroup;
			children = (
				8451C9641F12BD08004C8D16 /* AppsAPI.swift */,
			);
			path = Apps;
			sourceTree = "<group>";
		};
		8451C9651F12BD08004C8D16 /* Block */ = {
			isa = PBXGroup;
			children = (
				8451C9661F12BD08004C8D16 /* BlockAPI.swift */,
			);
			path = Block;
			sourceTree = "<group>";
		};
		8451C96B1F12BD08004C8D16 /* Delegate */ = {
			isa = PBXGroup;
			children = (
				8451C96C1F12BD08004C8D16 /* DelegateAPI.swift */,
			);
			path = Delegate;
			sourceTree = "<group>";
		};
		8451C96F1F12BD08004C8D16 /* Loader */ = {
			isa = PBXGroup;
			children = (
				8451C9701F12BD08004C8D16 /* LoaderAPI.swift */,
			);
			path = Loader;
			sourceTree = "<group>";
		};
		8451C9711F12BD08004C8D16 /* Multisignature */ = {
			isa = PBXGroup;
			children = (
				8481E3F01F3DA64F00CAB4C0 /* Operations */,
				8451C9721F12BD08004C8D16 /* MultisignatureAPI.swift */,
			);
			path = Multisignature;
			sourceTree = "<group>";
		};
		8451C9741F12BD08004C8D16 /* Peer */ = {
			isa = PBXGroup;
			children = (
				8488B1C01F3D0E0E00B8D073 /* Operations */,
				8451C9751F12BD08004C8D16 /* PeerAPI.swift */,
			);
			path = Peer;
			sourceTree = "<group>";
		};
		8451C9761F12BD08004C8D16 /* Signature */ = {
			isa = PBXGroup;
			children = (
				842494F91F1BBFE90083A072 /* Operations */,
				8451C9771F12BD08004C8D16 /* SignatureAPI.swift */,
			);
			path = Signature;
			sourceTree = "<group>";
		};
		8451C9781F12BD08004C8D16 /* Transaction */ = {
			isa = PBXGroup;
			children = (
				8451C97D1F12BD08004C8D16 /* TransactionAPI.swift */,
			);
			path = Transaction;
			sourceTree = "<group>";
		};
		845FA8B81F182B7600CDCEE0 /* Operations */ = {
			isa = PBXGroup;
			children = (
				845FA8BD1F182B7600CDCEE0 /* AccountOpenOperation.swift */,
				845FA8BA1F182B7600CDCEE0 /* AccountGetBalanceOperation.swift */,
				845FA8BC1F182B7600CDCEE0 /* AccountGetPublicKeyOperation.swift */,
				845FA8B91F182B7600CDCEE0 /* AccountGeneratePublicKeyOperation.swift */,
				845FA8BB1F182B7600CDCEE0 /* AccountGetOperation.swift */,
				845FA8C51F18301400CDCEE0 /* AccountGetDelegatesOperation.swift */,
				845FA8C71F1830C000CDCEE0 /* AccountPutDelegatesOperation.swift */,
			);
			path = Operations;
			sourceTree = "<group>";
		};
		8481E3F01F3DA64F00CAB4C0 /* Operations */ = {
			isa = PBXGroup;
			children = (
				8481E3F11F3DA66700CAB4C0 /* MultisignatureCreateOperation.swift */,
				8481E3F31F3DA7EC00CAB4C0 /* MultisignatureGetAccountsOperation.swift */,
				8481E3F51F3DA88100CAB4C0 /* MultisignatureSignOperation.swift */,
				8481E3F71F3DA92C00CAB4C0 /* MultisignatureGetPendingTransactionsOperation.swift */,
			);
			path = Operations;
			sourceTree = "<group>";
		};
		8488B1C01F3D0E0E00B8D073 /* Operations */ = {
			isa = PBXGroup;
			children = (
				8488B1C11F3D0E3F00B8D073 /* PeerGetPeersListOperation.swift */,
				8488B1C31F3D0EF500B8D073 /* PeerGetPeerOperation.swift */,
				8488B1C51F3D0F7B00B8D073 /* PeerGetPeerVersion.swift */,
				8488B1C71F3D103800B8D073 /* PeerGetPeersCount.swift */,
			);
			path = Operations;
			sourceTree = "<group>";
		};
		84BE2C481F12BCD100D9FF8B = {
			isa = PBXGroup;
			children = (
				84BE2C541F12BCD100D9FF8B /* Lisk */,
				84BE2C531F12BCD100D9FF8B /* Products */,
				D8EEAC9B151D8E20D69EFC55 /* Pods */,
				7CA633EF2FE69F954F6DCA7F /* Frameworks */,
			);
			sourceTree = "<group>";
		};
		84BE2C531F12BCD100D9FF8B /* Products */ = {
			isa = PBXGroup;
			children = (
				84BE2C521F12BCD100D9FF8B /* Lisk.framework */,
			);
			name = Products;
			sourceTree = "<group>";
		};
		84BE2C541F12BCD100D9FF8B /* Lisk */ = {
			isa = PBXGroup;
			children = (
				845FA8C31F182B8700CDCEE0 /* CallbackOperation.swift */,
				8451C95A1F12BD08004C8D16 /* Account */,
				8451C9621F12BD08004C8D16 /* Api.swift */,
				8451C9631F12BD08004C8D16 /* Apps */,
				8451C9651F12BD08004C8D16 /* Block */,
				8451C96B1F12BD08004C8D16 /* Delegate */,
				8451C96F1F12BD08004C8D16 /* Loader */,
				8451C9711F12BD08004C8D16 /* Multisignature */,
				8451C9741F12BD08004C8D16 /* Peer */,
				8451C9761F12BD08004C8D16 /* Signature */,
				8451C9781F12BD08004C8D16 /* Transaction */,
				84BE2C551F12BCD100D9FF8B /* Lisk.h */,
				84BE2C561F12BCD100D9FF8B /* Info.plist */,
			);
			path = Lisk;
			sourceTree = "<group>";
		};
		D8EEAC9B151D8E20D69EFC55 /* Pods */ = {
			isa = PBXGroup;
			children = (
				1B3AA0FA7836E97EC87486F4 /* Pods-Lisk.debug.xcconfig */,
				B10FA47C8A1FD7B7FCEC12F7 /* Pods-Lisk.release.xcconfig */,
			);
			name = Pods;
			sourceTree = "<group>";
		};
/* End PBXGroup section */

/* Begin PBXHeadersBuildPhase section */
		84BE2C4F1F12BCD100D9FF8B /* Headers */ = {
			isa = PBXHeadersBuildPhase;
			buildActionMask = 2147483647;
			files = (
				84BE2C571F12BCD100D9FF8B /* Lisk.h in Headers */,
			);
			runOnlyForDeploymentPostprocessing = 0;
		};
/* End PBXHeadersBuildPhase section */

/* Begin PBXNativeTarget section */
		84BE2C511F12BCD100D9FF8B /* Lisk */ = {
			isa = PBXNativeTarget;
			buildConfigurationList = 84BE2C5A1F12BCD100D9FF8B /* Build configuration list for PBXNativeTarget "Lisk" */;
			buildPhases = (
				E9541B0F02120C40398F619A /* [CP] Check Pods Manifest.lock */,
				84BE2C4D1F12BCD100D9FF8B /* Sources */,
				84BE2C4E1F12BCD100D9FF8B /* Frameworks */,
				84BE2C4F1F12BCD100D9FF8B /* Headers */,
				84BE2C501F12BCD100D9FF8B /* Resources */,
				F64AA677997BFD110D2D61A8 /* [CP] Copy Pods Resources */,
			);
			buildRules = (
			);
			dependencies = (
			);
			name = Lisk;
			productName = Lisk;
			productReference = 84BE2C521F12BCD100D9FF8B /* Lisk.framework */;
			productType = "com.apple.product-type.framework";
		};
/* End PBXNativeTarget section */

/* Begin PBXProject section */
		84BE2C491F12BCD100D9FF8B /* Project object */ = {
			isa = PBXProject;
			attributes = {
				LastUpgradeCheck = 0830;
				ORGANIZATIONNAME = LiskUser1234;
				TargetAttributes = {
					84BE2C511F12BCD100D9FF8B = {
						CreatedOnToolsVersion = 8.3.3;
						LastSwiftMigration = 0830;
						ProvisioningStyle = Automatic;
					};
				};
			};
			buildConfigurationList = 84BE2C4C1F12BCD100D9FF8B /* Build configuration list for PBXProject "Lisk" */;
			compatibilityVersion = "Xcode 3.2";
			developmentRegion = English;
			hasScannedForEncodings = 0;
			knownRegions = (
				en,
			);
			mainGroup = 84BE2C481F12BCD100D9FF8B;
			productRefGroup = 84BE2C531F12BCD100D9FF8B /* Products */;
			projectDirPath = "";
			projectRoot = "";
			targets = (
				84BE2C511F12BCD100D9FF8B /* Lisk */,
			);
		};
/* End PBXProject section */

/* Begin PBXResourcesBuildPhase section */
		84BE2C501F12BCD100D9FF8B /* Resources */ = {
			isa = PBXResourcesBuildPhase;
			buildActionMask = 2147483647;
			files = (
			);
			runOnlyForDeploymentPostprocessing = 0;
		};
/* End PBXResourcesBuildPhase section */

/* Begin PBXShellScriptBuildPhase section */
		E9541B0F02120C40398F619A /* [CP] Check Pods Manifest.lock */ = {
			isa = PBXShellScriptBuildPhase;
			buildActionMask = 2147483647;
			files = (
			);
			inputPaths = (
			);
			name = "[CP] Check Pods Manifest.lock";
			outputPaths = (
			);
			runOnlyForDeploymentPostprocessing = 0;
			shellPath = /bin/sh;
			shellScript = "diff \"${PODS_PODFILE_DIR_PATH}/Podfile.lock\" \"${PODS_ROOT}/Manifest.lock\" > /dev/null\nif [ $? != 0 ] ; then\n    # print error to STDERR\n    echo \"error: The sandbox is not in sync with the Podfile.lock. Run 'pod install' or update your CocoaPods installation.\" >&2\n    exit 1\nfi\n";
			showEnvVarsInLog = 0;
		};
		F64AA677997BFD110D2D61A8 /* [CP] Copy Pods Resources */ = {
			isa = PBXShellScriptBuildPhase;
			buildActionMask = 2147483647;
			files = (
			);
			inputPaths = (
			);
			name = "[CP] Copy Pods Resources";
			outputPaths = (
			);
			runOnlyForDeploymentPostprocessing = 0;
			shellPath = /bin/sh;
			shellScript = "\"${SRCROOT}/Pods/Target Support Files/Pods-Lisk/Pods-Lisk-resources.sh\"\n";
			showEnvVarsInLog = 0;
		};
/* End PBXShellScriptBuildPhase section */

/* Begin PBXSourcesBuildPhase section */
		84BE2C4D1F12BCD100D9FF8B /* Sources */ = {
			isa = PBXSourcesBuildPhase;
			buildActionMask = 2147483647;
			files = (
				8488B1C21F3D0E3F00B8D073 /* PeerGetPeersListOperation.swift in Sources */,
				845FA8C81F1830C000CDCEE0 /* AccountPutDelegatesOperation.swift in Sources */,
				842494FB1F1BBFE90083A072 /* SignatureGetFeeOperation.swift in Sources */,
				8451C98C1F12BD08004C8D16 /* LoaderAPI.swift in Sources */,
				845FA8C11F182B7600CDCEE0 /* AccountGetPublicKeyOperation.swift in Sources */,
				8451C97E1F12BD08004C8D16 /* AccountAPI.swift in Sources */,
				8481E3F81F3DA92C00CAB4C0 /* MultisignatureGetPendingTransactionsOperation.swift in Sources */,
				8481E3F61F3DA88100CAB4C0 /* MultisignatureSignOperation.swift in Sources */,
				845FA8BE1F182B7600CDCEE0 /* AccountGeneratePublicKeyOperation.swift in Sources */,
				8451C9861F12BD08004C8D16 /* BlockAPI.swift in Sources */,
				8488B1C61F3D0F7B00B8D073 /* PeerGetPeerVersion.swift in Sources */,
				845FA8C21F182B7600CDCEE0 /* AccountOpenOperation.swift in Sources */,
				8451C98F1F12BD08004C8D16 /* PeerAPI.swift in Sources */,
				8451C9941F12BD08004C8D16 /* TransactionAPI.swift in Sources */,
				845FA8C61F18301400CDCEE0 /* AccountGetDelegatesOperation.swift in Sources */,
				845FA8BF1F182B7600CDCEE0 /* AccountGetBalanceOperation.swift in Sources */,
				845FA8C01F182B7600CDCEE0 /* AccountGetOperation.swift in Sources */,
				8481E3F41F3DA7EC00CAB4C0 /* MultisignatureGetAccountsOperation.swift in Sources */,
				8481E3F21F3DA66700CAB4C0 /* MultisignatureCreateOperation.swift in Sources */,
				8451C98D1F12BD08004C8D16 /* MultisignatureAPI.swift in Sources */,
				8451C98A1F12BD08004C8D16 /* DelegateAPI.swift in Sources */,
				845FA8C41F182B8700CDCEE0 /* CallbackOperation.swift in Sources */,
				8451C9841F12BD08004C8D16 /* Api.swift in Sources */,
				8451C9851F12BD08004C8D16 /* AppsAPI.swift in Sources */,
				8451C9901F12BD08004C8D16 /* SignatureAPI.swift in Sources */,
				8488B1C41F3D0EF500B8D073 /* PeerGetPeerOperation.swift in Sources */,
				8488B1C81F3D103800B8D073 /* PeerGetPeersCount.swift in Sources */,
				842494FD1F1BBFF90083A072 /* SignatureAddSecondSignatureOperation.swift in Sources */,
			);
			runOnlyForDeploymentPostprocessing = 0;
		};
/* End PBXSourcesBuildPhase section */

/* Begin XCBuildConfiguration section */
		84BE2C581F12BCD100D9FF8B /* Debug */ = {
			isa = XCBuildConfiguration;
			buildSettings = {
				ALWAYS_SEARCH_USER_PATHS = NO;
				CLANG_ANALYZER_NONNULL = YES;
				CLANG_ANALYZER_NUMBER_OBJECT_CONVERSION = YES_AGGRESSIVE;
				CLANG_CXX_LANGUAGE_STANDARD = "gnu++0x";
				CLANG_CXX_LIBRARY = "libc++";
				CLANG_ENABLE_MODULES = YES;
				CLANG_ENABLE_OBJC_ARC = YES;
				CLANG_WARN_BOOL_CONVERSION = YES;
				CLANG_WARN_CONSTANT_CONVERSION = YES;
				CLANG_WARN_DIRECT_OBJC_ISA_USAGE = YES_ERROR;
				CLANG_WARN_DOCUMENTATION_COMMENTS = YES;
				CLANG_WARN_EMPTY_BODY = YES;
				CLANG_WARN_ENUM_CONVERSION = YES;
				CLANG_WARN_INFINITE_RECURSION = YES;
				CLANG_WARN_INT_CONVERSION = YES;
				CLANG_WARN_OBJC_ROOT_CLASS = YES_ERROR;
				CLANG_WARN_SUSPICIOUS_MOVE = YES;
				CLANG_WARN_UNREACHABLE_CODE = YES;
				CLANG_WARN__DUPLICATE_METHOD_MATCH = YES;
				"CODE_SIGN_IDENTITY[sdk=iphoneos*]" = "iPhone Developer";
				COPY_PHASE_STRIP = NO;
				CURRENT_PROJECT_VERSION = 1;
				DEBUG_INFORMATION_FORMAT = dwarf;
				ENABLE_STRICT_OBJC_MSGSEND = YES;
				ENABLE_TESTABILITY = YES;
				GCC_C_LANGUAGE_STANDARD = gnu99;
				GCC_DYNAMIC_NO_PIC = NO;
				GCC_NO_COMMON_BLOCKS = YES;
				GCC_OPTIMIZATION_LEVEL = 0;
				GCC_PREPROCESSOR_DEFINITIONS = (
					"DEBUG=1",
					"$(inherited)",
				);
				GCC_WARN_64_TO_32_BIT_CONVERSION = YES;
				GCC_WARN_ABOUT_RETURN_TYPE = YES_ERROR;
				GCC_WARN_UNDECLARED_SELECTOR = YES;
				GCC_WARN_UNINITIALIZED_AUTOS = YES_AGGRESSIVE;
				GCC_WARN_UNUSED_FUNCTION = YES;
				GCC_WARN_UNUSED_VARIABLE = YES;
				IPHONEOS_DEPLOYMENT_TARGET = 10.3;
				MTL_ENABLE_DEBUG_INFO = YES;
				ONLY_ACTIVE_ARCH = YES;
				SDKROOT = iphoneos;
				SWIFT_ACTIVE_COMPILATION_CONDITIONS = DEBUG;
				SWIFT_OPTIMIZATION_LEVEL = "-Onone";
				TARGETED_DEVICE_FAMILY = "1,2";
				VERSIONING_SYSTEM = "apple-generic";
				VERSION_INFO_PREFIX = "";
			};
			name = Debug;
		};
		84BE2C591F12BCD100D9FF8B /* Release */ = {
			isa = XCBuildConfiguration;
			buildSettings = {
				ALWAYS_SEARCH_USER_PATHS = NO;
				CLANG_ANALYZER_NONNULL = YES;
				CLANG_ANALYZER_NUMBER_OBJECT_CONVERSION = YES_AGGRESSIVE;
				CLANG_CXX_LANGUAGE_STANDARD = "gnu++0x";
				CLANG_CXX_LIBRARY = "libc++";
				CLANG_ENABLE_MODULES = YES;
				CLANG_ENABLE_OBJC_ARC = YES;
				CLANG_WARN_BOOL_CONVERSION = YES;
				CLANG_WARN_CONSTANT_CONVERSION = YES;
				CLANG_WARN_DIRECT_OBJC_ISA_USAGE = YES_ERROR;
				CLANG_WARN_DOCUMENTATION_COMMENTS = YES;
				CLANG_WARN_EMPTY_BODY = YES;
				CLANG_WARN_ENUM_CONVERSION = YES;
				CLANG_WARN_INFINITE_RECURSION = YES;
				CLANG_WARN_INT_CONVERSION = YES;
				CLANG_WARN_OBJC_ROOT_CLASS = YES_ERROR;
				CLANG_WARN_SUSPICIOUS_MOVE = YES;
				CLANG_WARN_UNREACHABLE_CODE = YES;
				CLANG_WARN__DUPLICATE_METHOD_MATCH = YES;
				"CODE_SIGN_IDENTITY[sdk=iphoneos*]" = "iPhone Developer";
				COPY_PHASE_STRIP = NO;
				CURRENT_PROJECT_VERSION = 1;
				DEBUG_INFORMATION_FORMAT = "dwarf-with-dsym";
				ENABLE_NS_ASSERTIONS = NO;
				ENABLE_STRICT_OBJC_MSGSEND = YES;
				GCC_C_LANGUAGE_STANDARD = gnu99;
				GCC_NO_COMMON_BLOCKS = YES;
				GCC_WARN_64_TO_32_BIT_CONVERSION = YES;
				GCC_WARN_ABOUT_RETURN_TYPE = YES_ERROR;
				GCC_WARN_UNDECLARED_SELECTOR = YES;
				GCC_WARN_UNINITIALIZED_AUTOS = YES_AGGRESSIVE;
				GCC_WARN_UNUSED_FUNCTION = YES;
				GCC_WARN_UNUSED_VARIABLE = YES;
				IPHONEOS_DEPLOYMENT_TARGET = 10.3;
				MTL_ENABLE_DEBUG_INFO = NO;
				SDKROOT = iphoneos;
				SWIFT_OPTIMIZATION_LEVEL = "-Owholemodule";
				TARGETED_DEVICE_FAMILY = "1,2";
				VALIDATE_PRODUCT = YES;
				VERSIONING_SYSTEM = "apple-generic";
				VERSION_INFO_PREFIX = "";
			};
			name = Release;
		};
		84BE2C5B1F12BCD100D9FF8B /* Debug */ = {
			isa = XCBuildConfiguration;
			baseConfigurationReference = 1B3AA0FA7836E97EC87486F4 /* Pods-Lisk.debug.xcconfig */;
			buildSettings = {
				CLANG_ENABLE_MODULES = YES;
				CODE_SIGN_IDENTITY = "";
				DEFINES_MODULE = YES;
				DYLIB_COMPATIBILITY_VERSION = 1;
				DYLIB_CURRENT_VERSION = 1;
				DYLIB_INSTALL_NAME_BASE = "@rpath";
				INFOPLIST_FILE = Lisk/Info.plist;
				INSTALL_PATH = "$(LOCAL_LIBRARY_DIR)/Frameworks";
				LD_RUNPATH_SEARCH_PATHS = "$(inherited) @executable_path/Frameworks @loader_path/Frameworks";
				PRODUCT_BUNDLE_IDENTIFIER = com.LiskUser1234.Lisk;
				PRODUCT_NAME = "$(TARGET_NAME)";
				SKIP_INSTALL = YES;
				SWIFT_OPTIMIZATION_LEVEL = "-Onone";
				SWIFT_VERSION = 3.0;
			};
			name = Debug;
		};
		84BE2C5C1F12BCD100D9FF8B /* Release */ = {
			isa = XCBuildConfiguration;
			baseConfigurationReference = B10FA47C8A1FD7B7FCEC12F7 /* Pods-Lisk.release.xcconfig */;
			buildSettings = {
				CLANG_ENABLE_MODULES = YES;
				CODE_SIGN_IDENTITY = "";
				DEFINES_MODULE = YES;
				DYLIB_COMPATIBILITY_VERSION = 1;
				DYLIB_CURRENT_VERSION = 1;
				DYLIB_INSTALL_NAME_BASE = "@rpath";
				INFOPLIST_FILE = Lisk/Info.plist;
				INSTALL_PATH = "$(LOCAL_LIBRARY_DIR)/Frameworks";
				LD_RUNPATH_SEARCH_PATHS = "$(inherited) @executable_path/Frameworks @loader_path/Frameworks";
				PRODUCT_BUNDLE_IDENTIFIER = com.LiskUser1234.Lisk;
				PRODUCT_NAME = "$(TARGET_NAME)";
				SKIP_INSTALL = YES;
				SWIFT_VERSION = 3.0;
			};
			name = Release;
		};
/* End XCBuildConfiguration section */

/* Begin XCConfigurationList section */
		84BE2C4C1F12BCD100D9FF8B /* Build configuration list for PBXProject "Lisk" */ = {
			isa = XCConfigurationList;
			buildConfigurations = (
				84BE2C581F12BCD100D9FF8B /* Debug */,
				84BE2C591F12BCD100D9FF8B /* Release */,
			);
			defaultConfigurationIsVisible = 0;
			defaultConfigurationName = Release;
		};
		84BE2C5A1F12BCD100D9FF8B /* Build configuration list for PBXNativeTarget "Lisk" */ = {
			isa = XCConfigurationList;
			buildConfigurations = (
				84BE2C5B1F12BCD100D9FF8B /* Debug */,
				84BE2C5C1F12BCD100D9FF8B /* Release */,
			);
			defaultConfigurationIsVisible = 0;
			defaultConfigurationName = Release;
		};
/* End XCConfigurationList section */
	};
	rootObject = 84BE2C491F12BCD100D9FF8B /* Project object */;
}
